
Microsoft Visual Studio Solution File, Format Version 12.00
Project("{2150E333-8FDC-42A3-9474-1A3956D46DE8}") = "Backend", "Backend", "{B5BAB1D3-ACEE-448F-B020-5E56B0505D4B}"
EndProject
Project("{2150E333-8FDC-42A3-9474-1A3956D46DE8}") = "Frontend", "Frontend", "{B57BDD06-38B5-4DDA-BC61-9095CB48B75D}"
EndProject
Project("{2150E333-8FDC-42A3-9474-1A3956D46DE8}") = "Core", "Core", "{0B424F29-AAF1-4981-A593-347C65231FDA}"
EndProject
Project("{2150E333-8FDC-42A3-9474-1A3956D46DE8}") = "Infrastructure", "Infrastructure", "{6E7FD597-F03D-4423-8723-1A847DE6A517}"
EndProject
Project("{2150E333-8FDC-42A3-9474-1A3956D46DE8}") = "WebApi", "WebApi", "{03DD0DF9-B828-4408-B3C6-BA5C03CCC2C4}"
EndProject
Project("{FAE04EC0-301F-11D3-BF4B-00C04F79EFBC}") = "Twitter.Backend.Application", "src\Backend\Core\Twitter.Backend.Application\Twitter.Backend.Application.csproj", "{52B6D2FC-AF13-4134-9998-67B1387934C9}"
EndProject
Project("{FAE04EC0-301F-11D3-BF4B-00C04F79EFBC}") = "Twitter.Backend.Domain", "src\Backend\Core\Twitter.Backend.Domain\Twitter.Backend.Domain.csproj", "{E85287CB-039B-4997-BEB2-E41480B5A317}"
EndProject
Project("{FAE04EC0-301F-11D3-BF4B-00C04F79EFBC}") = "Twitter.Backend.Infrastructure", "src\Backend\Infrastructure\Twitter.Backend.Infrastructure\Twitter.Backend.Infrastructure.csproj", "{C1E22965-1483-42A2-8FA2-972F5BE9C311}"
EndProject
Project("{FAE04EC0-301F-11D3-BF4B-00C04F79EFBC}") = "Twitter.Backend.WebApi", "src\Backend\WebApi\Twitter.Backend.WebApi\Twitter.Backend.WebApi.csproj", "{F818D016-3746-4FDC-97F7-394AE90D3D35}"
EndProject
Project("{FAE04EC0-301F-11D3-BF4B-00C04F79EFBC}") = "Twitter.Frontend.BlazorApp", "src\Frontend\Twitter.Frontend.BlazorApp\Twitter.Frontend.BlazorApp.csproj", "{7E780CF0-AC44-4236-8F5B-9E0780D71D9D}"
EndProject
Project("{2150E333-8FDC-42A3-9474-1A3956D46DE8}") = "Tests", "Tests", "{DAD7D9B9-B6FD-4967-8E5F-D2F89A92D472}"
EndProject
Project("{FAE04EC0-301F-11D3-BF4B-00C04F79EFBC}") = "UnitTests", "Tests\UnitTests\UnitTests.csproj", "{E77D5C4F-3AD3-47B5-A6C0-45610D9C42AB}"
EndProject
Global
	GlobalSection(SolutionConfigurationPlatforms) = preSolution
		Debug|Any CPU = Debug|Any CPU
		Release|Any CPU = Release|Any CPU
	EndGlobalSection
	GlobalSection(NestedProjects) = preSolution
		{0B424F29-AAF1-4981-A593-347C65231FDA} = {B5BAB1D3-ACEE-448F-B020-5E56B0505D4B}
		{6E7FD597-F03D-4423-8723-1A847DE6A517} = {B5BAB1D3-ACEE-448F-B020-5E56B0505D4B}
		{03DD0DF9-B828-4408-B3C6-BA5C03CCC2C4} = {B5BAB1D3-ACEE-448F-B020-5E56B0505D4B}
		{52B6D2FC-AF13-4134-9998-67B1387934C9} = {0B424F29-AAF1-4981-A593-347C65231FDA}
		{E85287CB-039B-4997-BEB2-E41480B5A317} = {0B424F29-AAF1-4981-A593-347C65231FDA}
		{C1E22965-1483-42A2-8FA2-972F5BE9C311} = {6E7FD597-F03D-4423-8723-1A847DE6A517}
		{F818D016-3746-4FDC-97F7-394AE90D3D35} = {03DD0DF9-B828-4408-B3C6-BA5C03CCC2C4}
		{7E780CF0-AC44-4236-8F5B-9E0780D71D9D} = {B57BDD06-38B5-4DDA-BC61-9095CB48B75D}
		{E77D5C4F-3AD3-47B5-A6C0-45610D9C42AB} = {DAD7D9B9-B6FD-4967-8E5F-D2F89A92D472}
	EndGlobalSection
	GlobalSection(ProjectConfigurationPlatforms) = postSolution
		{52B6D2FC-AF13-4134-9998-67B1387934C9}.Debug|Any CPU.ActiveCfg = Debug|Any CPU
		{52B6D2FC-AF13-4134-9998-67B1387934C9}.Debug|Any CPU.Build.0 = Debug|Any CPU
		{52B6D2FC-AF13-4134-9998-67B1387934C9}.Release|Any CPU.ActiveCfg = Release|Any CPU
		{52B6D2FC-AF13-4134-9998-67B1387934C9}.Release|Any CPU.Build.0 = Release|Any CPU
		{E85287CB-039B-4997-BEB2-E41480B5A317}.Debug|Any CPU.ActiveCfg = Debug|Any CPU
		{E85287CB-039B-4997-BEB2-E41480B5A317}.Debug|Any CPU.Build.0 = Debug|Any CPU
		{E85287CB-039B-4997-BEB2-E41480B5A317}.Release|Any CPU.ActiveCfg = Release|Any CPU
		{E85287CB-039B-4997-BEB2-E41480B5A317}.Release|Any CPU.Build.0 = Release|Any CPU
		{C1E22965-1483-42A2-8FA2-972F5BE9C311}.Debug|Any CPU.ActiveCfg = Debug|Any CPU
		{C1E22965-1483-42A2-8FA2-972F5BE9C311}.Debug|Any CPU.Build.0 = Debug|Any CPU
		{C1E22965-1483-42A2-8FA2-972F5BE9C311}.Release|Any CPU.ActiveCfg = Release|Any CPU
		{C1E22965-1483-42A2-8FA2-972F5BE9C311}.Release|Any CPU.Build.0 = Release|Any CPU
		{F818D016-3746-4FDC-97F7-394AE90D3D35}.Debug|Any CPU.ActiveCfg = Debug|Any CPU
		{F818D016-3746-4FDC-97F7-394AE90D3D35}.Debug|Any CPU.Build.0 = Debug|Any CPU
		{F818D016-3746-4FDC-97F7-394AE90D3D35}.Release|Any CPU.ActiveCfg = Release|Any CPU
		{F818D016-3746-4FDC-97F7-394AE90D3D35}.Release|Any CPU.Build.0 = Release|Any CPU
		{7E780CF0-AC44-4236-8F5B-9E0780D71D9D}.Debug|Any CPU.ActiveCfg = Debug|Any CPU
		{7E780CF0-AC44-4236-8F5B-9E0780D71D9D}.Debug|Any CPU.Build.0 = Debug|Any CPU
		{7E780CF0-AC44-4236-8F5B-9E0780D71D9D}.Release|Any CPU.ActiveCfg = Release|Any CPU
		{7E780CF0-AC44-4236-8F5B-9E0780D71D9D}.Release|Any CPU.Build.0 = Release|Any CPU
		{E77D5C4F-3AD3-47B5-A6C0-45610D9C42AB}.Debug|Any CPU.ActiveCfg = Debug|Any CPU
		{E77D5C4F-3AD3-47B5-A6C0-45610D9C42AB}.Debug|Any CPU.Build.0 = Debug|Any CPU
		{E77D5C4F-3AD3-47B5-A6C0-45610D9C42AB}.Release|Any CPU.ActiveCfg = Release|Any CPU
		{E77D5C4F-3AD3-47B5-A6C0-45610D9C42AB}.Release|Any CPU.Build.0 = Release|Any CPU
	EndGlobalSection
EndGlobal
